
Microsoft Visual Studio Solution File, Format Version 12.00
# Visual Studio Version 16
VisualStudioVersion = 16.0.30011.22
MinimumVisualStudioVersion = 10.0.40219.1
Project("{FAE04EC0-301F-11D3-BF4B-00C04F79EFBC}") = "VirtualFileSystem.Console", "VirtualFileSystem\VirtualFileSystem.Console.csproj", "{AB1C66C9-DDEF-4984-8DF8-29DFF62DC8AB}"
EndProject
Project("{FAE04EC0-301F-11D3-BF4B-00C04F79EFBC}") = "VirtualFileSystem.Tests", "VirtualFileSystem.Tests\VirtualFileSystem.Tests.csproj", "{9DE05BD8-C15E-49D8-9DE2-58B6594EC36A}"
EndProject
Global
	GlobalSection(SolutionConfigurationPlatforms) = preSolution
		Debug|Any CPU = Debug|Any CPU
		Release|Any CPU = Release|Any CPU
	EndGlobalSection
	GlobalSection(ProjectConfigurationPlatforms) = postSolution
		{AB1C66C9-DDEF-4984-8DF8-29DFF62DC8AB}.Debug|Any CPU.ActiveCfg = Debug|Any CPU
		{AB1C66C9-DDEF-4984-8DF8-29DFF62DC8AB}.Debug|Any CPU.Build.0 = Debug|Any CPU
		{AB1C66C9-DDEF-4984-8DF8-29DFF62DC8AB}.Release|Any CPU.ActiveCfg = Release|Any CPU
		{AB1C66C9-DDEF-4984-8DF8-29DFF62DC8AB}.Release|Any CPU.Build.0 = Release|Any CPU
		{9DE05BD8-C15E-49D8-9DE2-58B6594EC36A}.Debug|Any CPU.ActiveCfg = Debug|Any CPU
		{9DE05BD8-C15E-49D8-9DE2-58B6594EC36A}.Debug|Any CPU.Build.0 = Debug|Any CPU
		{9DE05BD8-C15E-49D8-9DE2-58B6594EC36A}.Release|Any CPU.ActiveCfg = Release|Any CPU
		{9DE05BD8-C15E-49D8-9DE2-58B6594EC36A}.Release|Any CPU.Build.0 = Release|Any CPU
	EndGlobalSection
	GlobalSection(SolutionProperties) = preSolution
		HideSolutionNode = FALSE
	EndGlobalSection
	GlobalSection(ExtensibilityGlobals) = postSolution
		SolutionGuid = {349F37F2-6E18-4E27-8D43-7A83263A334B}
	EndGlobalSection
EndGlobal
